PODS:
  - Masonry (1.1.0)
  - MBProgressHUD (1.2.0)
  - TTTFramework (1.1.0):
    - Masonry
    - MBProgressHUD
    - uchardet
  - uchardet (0.0.1)

DEPENDENCIES:
  - TTTFramework (from `../`)

SPEC REPOS:
  trunk:
    - Masonry
    - MBProgressHUD
    - uchardet

EXTERNAL SOURCES:
  TTTFramework:
    :path: "../"

SPEC CHECKSUMS:
  Masonry: 678fab65091a9290e40e2832a55e7ab731aad201
  MBProgressHUD: 3ee5efcc380f6a79a7cc9b363dd669c5e1ae7406
  TTTFramework: f7e6d79ef9b13c173f9778016ff853fb995da9a3
  uchardet: 2b9643afef38946d1d20c124c9e2be6c028b543d

PODFILE CHECKSUM: a8566ee8002995595124ef8092be37b152aceb81

COCOAPODS: 1.11.3
